dependencies:
- name: jaeger
  repository: https://kubernetes-charts-incubator.storage.googleapis.com/
  version: 0.3.7
- name: dex
  repository: file://../dex
  version: 0.2.1
- name: linkerd
  repository: file://../linkerd
  version: 0.4.0
- name: namerd
  repository: file://../namerd
  version: 0.2.0
- name: rethinkdb
  repository: file://../rethinkdb
  version: 0.1.1
- name: rethinkdb-single
  repository: file://../rethinkdb-single
  version: 0.1.0
digest: sha256:d8cc40cde0a2ca4d5766ed2e71df6ff2bf250930f8c0c31468a380e496f0067b
generated: 2018-03-14T14:23:44.073161645+01:00
